
Microsoft Visual Studio Solution File, Format Version 12.00
# Visual Studio Version 16
VisualStudioVersion = 16.0.31229.75
MinimumVisualStudioVersion = 10.0.40219.1
Project("{FAE04EC0-301F-11D3-BF4B-00C04F79EFBC}") = "TestWeek1Academy", "TestWeek1Academy\TestWeek1Academy.csproj", "{7F8A72B2-DDA3-424B-87B5-2519D5EC9770}"
EndProject
Project("{FAE04EC0-301F-11D3-BF4B-00C04F79EFBC}") = "Ex1", "Ex1\Ex1.csproj", "{C8525879-6D14-4BA8-8404-AFED60C97282}"
EndProject
Project("{FAE04EC0-301F-11D3-BF4B-00C04F79EFBC}") = "ex2", "ex2\ex2.csproj", "{523C502B-68F9-450E-8681-B73B693ADBD6}"
EndProject
Global
	GlobalSection(SolutionConfigurationPlatforms) = preSolution
		Debug|Any CPU = Debug|Any CPU
		Release|Any CPU = Release|Any CPU
	EndGlobalSection
	GlobalSection(ProjectConfigurationPlatforms) = postSolution
		{7F8A72B2-DDA3-424B-87B5-2519D5EC9770}.Debug|Any CPU.ActiveCfg = Debug|Any CPU
		{7F8A72B2-DDA3-424B-87B5-2519D5EC9770}.Debug|Any CPU.Build.0 = Debug|Any CPU
		{7F8A72B2-DDA3-424B-87B5-2519D5EC9770}.Release|Any CPU.ActiveCfg = Release|Any CPU
		{7F8A72B2-DDA3-424B-87B5-2519D5EC9770}.Release|Any CPU.Build.0 = Release|Any CPU
		{C8525879-6D14-4BA8-8404-AFED60C97282}.Debug|Any CPU.ActiveCfg = Debug|Any CPU
		{C8525879-6D14-4BA8-8404-AFED60C97282}.Debug|Any CPU.Build.0 = Debug|Any CPU
		{C8525879-6D14-4BA8-8404-AFED60C97282}.Release|Any CPU.ActiveCfg = Release|Any CPU
		{C8525879-6D14-4BA8-8404-AFED60C97282}.Release|Any CPU.Build.0 = Release|Any CPU
		{523C502B-68F9-450E-8681-B73B693ADBD6}.Debug|Any CPU.ActiveCfg = Debug|Any CPU
		{523C502B-68F9-450E-8681-B73B693ADBD6}.Debug|Any CPU.Build.0 = Debug|Any CPU
		{523C502B-68F9-450E-8681-B73B693ADBD6}.Release|Any CPU.ActiveCfg = Release|Any CPU
		{523C502B-68F9-450E-8681-B73B693ADBD6}.Release|Any CPU.Build.0 = Release|Any CPU
	EndGlobalSection
	GlobalSection(SolutionProperties) = preSolution
		HideSolutionNode = FALSE
	EndGlobalSection
	GlobalSection(ExtensibilityGlobals) = postSolution
		SolutionGuid = {ED27D5A8-9A19-4412-A653-97F8814FBC09}
	EndGlobalSection
EndGlobal
